Microsoft Visual Studio Solution File, Format Version 10.00
# Visual C++ Express 2008
Project("{8BC9CEB8-8B4A-11D0-8D11-00A0C91BC942}") = "asuka", "asuka.vcproj", "{2A326388-FB5C-484C-991B-F0F340F75ABE}"
EndProject
Project("{8BC9CEB8-8B4A-11D0-8D11-00A0C91BC942}") = "mtl", "mtl.vcproj", "{CBF42336-F4FF-40AC-9152-AE31F3D96805}"
	ProjectSection(ProjectDependencies) = postProject
		{DD7E044F-5E39-4ED9-BA2A-14F3090A2DFA} = {DD7E044F-5E39-4ED9-BA2A-14F3090A2DFA}
		{0485455F-58FE-440C-B84D-C104167FC406} = {0485455F-58FE-440C-B84D-C104167FC406}
		{2A326388-FB5C-484C-991B-F0F340F75ABE} = {2A326388-FB5C-484C-991B-F0F340F75ABE}
		{06B177C9-0C71-4D2F-A41C-C88BE0CF1645} = {06B177C9-0C71-4D2F-A41C-C88BE0CF1645}
	EndProjectSection
EndProject
Project("{8BC9CEB8-8B4A-11D0-8D11-00A0C91BC942}") = "obj", "obj.vcproj", "{0485455F-58FE-440C-B84D-C104167FC406}"
	ProjectSection(ProjectDependencies) = postProject
		{DD7E044F-5E39-4ED9-BA2A-14F3090A2DFA} = {DD7E044F-5E39-4ED9-BA2A-14F3090A2DFA}
		{2A326388-FB5C-484C-991B-F0F340F75ABE} = {2A326388-FB5C-484C-991B-F0F340F75ABE}
		{06B177C9-0C71-4D2F-A41C-C88BE0CF1645} = {06B177C9-0C71-4D2F-A41C-C88BE0CF1645}
	EndProjectSection
EndProject
Project("{8BC9CEB8-8B4A-11D0-8D11-00A0C91BC942}") = "tga", "tga.vcproj", "{DD7E044F-5E39-4ED9-BA2A-14F3090A2DFA}"
	ProjectSection(ProjectDependencies) = postProject
		{2A326388-FB5C-484C-991B-F0F340F75ABE} = {2A326388-FB5C-484C-991B-F0F340F75ABE}
		{06B177C9-0C71-4D2F-A41C-C88BE0CF1645} = {06B177C9-0C71-4D2F-A41C-C88BE0CF1645}
	EndProjectSection
EndProject
Project("{8BC9CEB8-8B4A-11D0-8D11-00A0C91BC942}") = "ttf", "ttf.vcproj", "{06B177C9-0C71-4D2F-A41C-C88BE0CF1645}"
	ProjectSection(ProjectDependencies) = postProject
		{2A326388-FB5C-484C-991B-F0F340F75ABE} = {2A326388-FB5C-484C-991B-F0F340F75ABE}
	EndProjectSection
EndProject
Global
	GlobalSection(SolutionConfigurationPlatforms) = preSolution
		Debug|Win32 = Debug|Win32
		Release|Win32 = Release|Win32
		Static|Win32 = Static|Win32
	EndGlobalSection
	GlobalSection(ProjectConfigurationPlatforms) = postSolution
		{2A326388-FB5C-484C-991B-F0F340F75ABE}.Debug|Win32.ActiveCfg = Release|Win32
		{2A326388-FB5C-484C-991B-F0F340F75ABE}.Debug|Win32.Build.0 = Release|Win32
		{2A326388-FB5C-484C-991B-F0F340F75ABE}.Release|Win32.ActiveCfg = Release|Win32
		{2A326388-FB5C-484C-991B-F0F340F75ABE}.Release|Win32.Build.0 = Release|Win32
		{2A326388-FB5C-484C-991B-F0F340F75ABE}.Static|Win32.ActiveCfg = Static|Win32
		{2A326388-FB5C-484C-991B-F0F340F75ABE}.Static|Win32.Build.0 = Static|Win32
		{CBF42336-F4FF-40AC-9152-AE31F3D96805}.Debug|Win32.ActiveCfg = Release|Win32
		{CBF42336-F4FF-40AC-9152-AE31F3D96805}.Debug|Win32.Build.0 = Release|Win32
		{CBF42336-F4FF-40AC-9152-AE31F3D96805}.Release|Win32.ActiveCfg = Release|Win32
		{CBF42336-F4FF-40AC-9152-AE31F3D96805}.Release|Win32.Build.0 = Release|Win32
		{CBF42336-F4FF-40AC-9152-AE31F3D96805}.Static|Win32.ActiveCfg = Release|Win32
		{CBF42336-F4FF-40AC-9152-AE31F3D96805}.Static|Win32.Build.0 = Release|Win32
		{0485455F-58FE-440C-B84D-C104167FC406}.Debug|Win32.ActiveCfg = Release|Win32
		{0485455F-58FE-440C-B84D-C104167FC406}.Debug|Win32.Build.0 = Release|Win32
		{0485455F-58FE-440C-B84D-C104167FC406}.Release|Win32.ActiveCfg = Release|Win32
		{0485455F-58FE-440C-B84D-C104167FC406}.Release|Win32.Build.0 = Release|Win32
		{0485455F-58FE-440C-B84D-C104167FC406}.Static|Win32.ActiveCfg = Release|Win32
		{0485455F-58FE-440C-B84D-C104167FC406}.Static|Win32.Build.0 = Release|Win32
		{DD7E044F-5E39-4ED9-BA2A-14F3090A2DFA}.Debug|Win32.ActiveCfg = Release|Win32
		{DD7E044F-5E39-4ED9-BA2A-14F3090A2DFA}.Debug|Win32.Build.0 = Release|Win32
		{DD7E044F-5E39-4ED9-BA2A-14F3090A2DFA}.Release|Win32.ActiveCfg = Release|Win32
		{DD7E044F-5E39-4ED9-BA2A-14F3090A2DFA}.Release|Win32.Build.0 = Release|Win32
		{DD7E044F-5E39-4ED9-BA2A-14F3090A2DFA}.Static|Win32.ActiveCfg = Release|Win32
		{DD7E044F-5E39-4ED9-BA2A-14F3090A2DFA}.Static|Win32.Build.0 = Release|Win32
		{06B177C9-0C71-4D2F-A41C-C88BE0CF1645}.Debug|Win32.ActiveCfg = Release|Win32
		{06B177C9-0C71-4D2F-A41C-C88BE0CF1645}.Debug|Win32.Build.0 = Release|Win32
		{06B177C9-0C71-4D2F-A41C-C88BE0CF1645}.Release|Win32.ActiveCfg = Release|Win32
		{06B177C9-0C71-4D2F-A41C-C88BE0CF1645}.Release|Win32.Build.0 = Release|Win32
		{06B177C9-0C71-4D2F-A41C-C88BE0CF1645}.Static|Win32.ActiveCfg = Release|Win32
		{06B177C9-0C71-4D2F-A41C-C88BE0CF1645}.Static|Win32.Build.0 = Release|Win32
	EndGlobalSection
	GlobalSection(SolutionProperties) = preSolution
		HideSolutionNode = FALSE
	EndGlobalSection
EndGlobal
